{
  "name": "uView",
  "version": "1.0.0",
  "lockfileVersion": 1,
  "requires": true,
  "dependencies": {
    "axios": {
      "version": "0.21.1",
      "resolved": "https://registry.npm.taobao.org/axios/download/axios-0.21.1.tgz?cache=0&sync_timestamp=1608609294136&other_urls=https%3A%2F%2Fregistry.npm.taobao.org%2Faxios%2Fdownload%2Faxios-0.21.1.tgz",
      "integrity": "sha1-IlY0gZYvTWvemnbVFu8OXTwJsrg=",
      "requires": {
        "follow-redirects": "^1.10.0"
      }
    },
    "copy-text-to-clipboard": {
      "version": "3.0.1",
      "resolved": "https://registry.npm.taobao.org/copy-text-to-clipboard/download/copy-text-to-clipboard-3.0.1.tgz",
      "integrity": "sha1-jL+PkOCkfxLkokdDc2Jl0Ve85pw="
    },
    "core-js": {
      "version": "3.15.2",
      "resolved": "https://registry.nlark.com/core-js/download/core-js-3.15.2.tgz?cache=0&other_urls=https%3A%2F%2Fregistry.nlark.com%2Fcore-js%2Fdownload%2Fcore-js-3.15.2.tgz",
      "integrity": "sha1-dAZg0v9V7zTOZk1+JFURnFvdPWE="
    },
    "crypto-js": {
      "version": "4.0.0",
      "resolved": "https://registry.npm.taobao.org/crypto-js/download/crypto-js-4.0.0.tgz",
      "integrity": "sha1-KQSrJnep0EKFai6i74DekuSjbcw="
    },
    "default-passive-events": {
      "version": "2.0.0",
      "resolved": "https://registry.npm.taobao.org/default-passive-events/download/default-passive-events-2.0.0.tgz",
      "integrity": "sha1-ebGqZ77LqrOLcYRptUgP75Ltpkk="
    },
    "follow-redirects": {
      "version": "1.14.1",
      "resolved": "https://registry.nlark.com/follow-redirects/download/follow-redirects-1.14.1.tgz",
      "integrity": "sha1-2RFN7Qoc/dM04WTmZirQK/2R/0M="
    },
    "jweixin-module": {
      "version": "1.6.0",
      "resolved": "https://registry.npm.taobao.org/jweixin-module/download/jweixin-module-1.6.0.tgz",
      "integrity": "sha1-Sn6mFAg+PJw/SeL9wruILPpY380="
    },
    "mutation-observer": {
      "version": "1.0.3",
      "resolved": "https://registry.npm.taobao.org/mutation-observer/download/mutation-observer-1.0.3.tgz",
      "integrity": "sha1-QukiKxAbyoLlup1aes9KFMDyY9A="
    },
    "vconsole": {
      "version": "3.8.1",
      "resolved": "https://registry.nlark.com/vconsole/download/vconsole-3.8.1.tgz",
      "integrity": "sha1-ub0oRRJ3sRYV6F47VLaARzaUs6E=",
      "requires": {
        "copy-text-to-clipboard": "^3.0.1",
        "core-js": "^3.11.0",
        "mutation-observer": "^1.0.3"
      }
    },
    "vue-i18n": {
      "version": "8.20.0",
      "resolved": "https://registry.npmjs.org/vue-i18n/-/vue-i18n-8.20.0.tgz",
      "integrity": "sha512-ZiAOoeR4d/JtKpbjipx3I80ey7cYG1ki5gQ7HwzWm4YFio9brA15BEYHjalEoBaEfzF5OBEZP+Y2MvAaWnyXXg=="
    }
  }
}
